
Microsoft Visual Studio Solution File, Format Version 12.00
# Visual Studio 15
VisualStudioVersion = 15.0.27703.2047
MinimumVisualStudioVersion = 10.0.40219.1
Project("{FAE04EC0-301F-11D3-BF4B-00C04F79EFBC}") = "MHWBackup", "MHWBackup\MHWBackup.csproj", "{0C95EA20-BCB1-4E63-8E01-F6F84FE55E84}"
EndProject
Global
	GlobalSection(SolutionConfigurationPlatforms) = preSolution
		Debug|Any CPU = Debug|Any CPU
		Release|Any CPU = Release|Any CPU
	EndGlobalSection
	GlobalSection(ProjectConfigurationPlatforms) = postSolution
		{0C95EA20-BCB1-4E63-8E01-F6F84FE55E84}.Debug|Any CPU.ActiveCfg = Debug|Any CPU
		{0C95EA20-BCB1-4E63-8E01-F6F84FE55E84}.Debug|Any CPU.Build.0 = Debug|Any CPU
		{0C95EA20-BCB1-4E63-8E01-F6F84FE55E84}.Release|Any CPU.ActiveCfg = Release|Any CPU
		{0C95EA20-BCB1-4E63-8E01-F6F84FE55E84}.Release|Any CPU.Build.0 = Release|Any CPU
	EndGlobalSection
	GlobalSection(SolutionProperties) = preSolution
		HideSolutionNode = FALSE
	EndGlobalSection
	GlobalSection(ExtensibilityGlobals) = postSolution
		SolutionGuid = {D0DF7D2C-6225-4EC9-AE9C-EC9D88B3BC35}
	EndGlobalSection
EndGlobal
